
Microsoft Visual Studio Solution File, Format Version 12.00
# Visual Studio Version 17
VisualStudioVersion = 17.14.36518.9
MinimumVisualStudioVersion = 10.0.40219.1
Project("{FAE04EC0-301F-11D3-BF4B-00C04F79EFBC}") = "DhanSutra", "DhanSutra\DhanSutra.csproj", "{D98E59B6-DAFD-4FBA-AFFE-D73EA3AC839D}"
EndProject
Global
	GlobalSection(SolutionConfigurationPlatforms) = preSolution
		Debug|Any CPU = Debug|Any CPU
		Release|Any CPU = Release|Any CPU
	EndGlobalSection
	GlobalSection(ProjectConfigurationPlatforms) = postSolution
		{D98E59B6-DAFD-4FBA-AFFE-D73EA3AC839D}.Debug|Any CPU.ActiveCfg = Debug|Any CPU
		{D98E59B6-DAFD-4FBA-AFFE-D73EA3AC839D}.Debug|Any CPU.Build.0 = Debug|Any CPU
		{D98E59B6-DAFD-4FBA-AFFE-D73EA3AC839D}.Release|Any CPU.ActiveCfg = Release|Any CPU
		{D98E59B6-DAFD-4FBA-AFFE-D73EA3AC839D}.Release|Any CPU.Build.0 = Release|Any CPU
	EndGlobalSection
	GlobalSection(SolutionProperties) = preSolution
		HideSolutionNode = FALSE
	EndGlobalSection
	GlobalSection(ExtensibilityGlobals) = postSolution
		SolutionGuid = {335E1B57-91A2-4808-8087-4F802A61B0D5}
	EndGlobalSection
EndGlobal
